
Microsoft Visual Studio Solution File, Format Version 9.00
# Visual Studio 2005
Project("{FAE04EC0-301F-11D3-BF4B-00C04F79EFBC}") = "ToolingControl", "ToolingControl.csproj", "{5C0065AE-56F3-4920-B9E9-E3B83DB071C1}"
EndProject
Global
	GlobalSection(SolutionConfigurationPlatforms) = preSolution
		Debug|Any CPU = Debug|Any CPU
		Debug|x86 = Debug|x86
		Release|Any CPU = Release|Any CPU
		Release|x86 = Release|x86
	EndGlobalSection
	GlobalSection(ProjectConfigurationPlatforms) = postSolution
		{5C0065AE-56F3-4920-B9E9-E3B83DB071C1}.Debug|Any CPU.ActiveCfg = Debug|Any CPU
		{5C0065AE-56F3-4920-B9E9-E3B83DB071C1}.Debug|Any CPU.Build.0 = Debug|Any CPU
		{5C0065AE-56F3-4920-B9E9-E3B83DB071C1}.Debug|x86.ActiveCfg = Debug|Any CPU
		{5C0065AE-56F3-4920-B9E9-E3B83DB071C1}.Debug|x86.Build.0 = Debug|Any CPU
		{5C0065AE-56F3-4920-B9E9-E3B83DB071C1}.Release|Any CPU.ActiveCfg = Release|Any CPU
		{5C0065AE-56F3-4920-B9E9-E3B83DB071C1}.Release|Any CPU.Build.0 = Release|Any CPU
		{5C0065AE-56F3-4920-B9E9-E3B83DB071C1}.Release|x86.ActiveCfg = Release|x86
		{5C0065AE-56F3-4920-B9E9-E3B83DB071C1}.Release|x86.Build.0 = Release|x86
	EndGlobalSection
	GlobalSection(SolutionProperties) = preSolution
		HideSolutionNode = FALSE
	EndGlobalSection
EndGlobal
