
Microsoft Visual Studio Solution File, Format Version 10.00
# Visual C# Express 2008
Project("{FAE04EC0-301F-11D3-BF4B-00C04F79EFBC}") = "MedtronicTaskList", "MedtronicTaskList\MedtronicTaskList.csproj", "{2E17FF28-BF27-46DA-B00F-38DF6490AF59}"
EndProject
Global
	GlobalSection(SolutionConfigurationPlatforms) = preSolution
		Debug|Any CPU = Debug|Any CPU
		Release|Any CPU = Release|Any CPU
	EndGlobalSection
	GlobalSection(ProjectConfigurationPlatforms) = postSolution
		{2E17FF28-BF27-46DA-B00F-38DF6490AF59}.Debug|Any CPU.ActiveCfg = Debug|Any CPU
		{2E17FF28-BF27-46DA-B00F-38DF6490AF59}.Debug|Any CPU.Build.0 = Debug|Any CPU
		{2E17FF28-BF27-46DA-B00F-38DF6490AF59}.Release|Any CPU.ActiveCfg = Release|Any CPU
		{2E17FF28-BF27-46DA-B00F-38DF6490AF59}.Release|Any CPU.Build.0 = Release|Any CPU
	EndGlobalSection
	GlobalSection(SolutionProperties) = preSolution
		HideSolutionNode = FALSE
	EndGlobalSection
EndGlobal
